{
  "version": 4,
  "terraform_version": "1.15.9",
  "serial": 3,
  "lineage": "a5e4223b-0d03-3169-3e9e-8d243736b3c5",
  "outputs": {
    "vpc_id": {
      "value": "vpc-01e8d223751d79ff2",
      "type": "string"
    }
  },
  "resources": [
    {
      "module": "module.vpc",
      "mode": "managed",
      "type": "aws_internet_gateway",
      "name": "name",
      "provider": "provider[\"registry.terraform.io/hashicorp/aws\"]",
      "instances": [
        {
          "schema_version": 0,
          "attributes": {
            "arn": "arn:aws:ec2:us-east-1:977098999802:internet-gateway/igw-075bb3a13e964739d",
            "id": "igw-075bb3a13e964739d",
            "owner_id": "977098999802",
            "region": "us-east-1",
            "tags": null,
            "tags_all": {},
            "timeouts": null,
            "vpc_id": "vpc-01e8d223751d79ff2"
          },
          "sensitive_attributes": [],
          "identity_schema_version": 0,
          "identity": {
            "account_id": "977098999802",
            "id": "igw-075bb3a13e964739d",
            "region": "us-east-1"
          },
          "private": "eyJlMmJmYjczMC1lY2FhLTExZTYtOGY4OC0zNDM2M2JjN2M0YzAiOnsiY3JlYXRlIjoxMjAwMDAwMDAwMDAwLCJkZWxldGUiOjEyMDAwMDAwMDAwMDAsInVwZGF0ZSI6MTIwMDAwMDAwMDAwMH19",
          "dependencies": [
            "module.vpc.aws_vpc.name"
          ]
        }
      ]
    },
    {
      "module": "module.vpc",
      "mode": "managed",
      "type": "aws_vpc",
      "name": "name",
      "provider": "provider[\"registry.terraform.io/hashicorp/aws\"]",
      "instances": [
        {
          "schema_version": 1,
          "attributes": {
            "arn": "arn:aws:ec2:us-east-1:977098999802:vpc/vpc-01e8d223751d79ff2",
            "assign_generated_ipv6_cidr_block": false,
            "cidr_block": "172.120.0.0/16",
            "default_network_acl_id": "acl-026deb20535f3cfcc",
            "default_route_table_id": "rtb-0ab465a1dabd1b1c4",
            "default_security_group_id": "sg-01e51c76ceb2f3949",
            "dhcp_options_id": "dopt-08fc2fbe5c90c9129",
            "enable_dns_hostnames": false,
            "enable_dns_support": true,
            "enable_network_address_usage_metrics": false,
            "id": "vpc-01e8d223751d79ff2",
            "instance_tenancy": "default",
            "ipv4_ipam_pool_id": null,
            "ipv4_netmask_length": null,
            "ipv6_association_id": "",
            "ipv6_cidr_block": "",
            "ipv6_cidr_block_network_border_group": "",
            "ipv6_ipam_pool_id": "",
            "ipv6_netmask_length": 0,
            "main_route_table_id": "rtb-0ab465a1dabd1b1c4",
            "owner_id": "977098999802",
            "region": "us-east-1",
            "tags": {
              "Name": "Prod-vpc"
            },
            "tags_all": {
              "Name": "Prod-vpc"
            }
          },
          "sensitive_attributes": [],
          "identity_schema_version": 0,
          "identity": {
            "account_id": "977098999802",
            "id": "vpc-01e8d223751d79ff2",
            "region": "us-east-1"
          },
          "private": "eyJzY2hlbWFfdmVyc2lvbiI6IjEifQ=="
        }
      ]
    }
  ],
  "check_results": null
}
